
Microsoft Visual Studio Solution File, Format Version 12.00
# Visual Studio Version 17
VisualStudioVersion = 17.7.34221.43
MinimumVisualStudioVersion = 10.0.40219.1
Project("{FAE04EC0-301F-11D3-BF4B-00C04F79EFBC}") = "tttttttt", "tttttttt\tttttttt.csproj", "{BCB01D8B-3403-49DA-9D57-89EF43288876}"
EndProject
Global
	GlobalSection(SolutionConfigurationPlatforms) = preSolution
		Debug|Any CPU = Debug|Any CPU
		Release|Any CPU = Release|Any CPU
	EndGlobalSection
	GlobalSection(ProjectConfigurationPlatforms) = postSolution
		{BCB01D8B-3403-49DA-9D57-89EF43288876}.Debug|Any CPU.ActiveCfg = Debug|Any CPU
		{BCB01D8B-3403-49DA-9D57-89EF43288876}.Debug|Any CPU.Build.0 = Debug|Any CPU
		{BCB01D8B-3403-49DA-9D57-89EF43288876}.Release|Any CPU.ActiveCfg = Release|Any CPU
		{BCB01D8B-3403-49DA-9D57-89EF43288876}.Release|Any CPU.Build.0 = Release|Any CPU
	EndGlobalSection
	GlobalSection(SolutionProperties) = preSolution
		HideSolutionNode = FALSE
	EndGlobalSection
	GlobalSection(ExtensibilityGlobals) = postSolution
		SolutionGuid = {0CE392B4-34EB-45C2-BE4D-0984393B7037}
	EndGlobalSection
EndGlobal
